
Microsoft Visual Studio Solution File, Format Version 12.00
# Visual Studio Version 17
VisualStudioVersion = 17.14.36109.1
MinimumVisualStudioVersion = 10.0.40219.1
Project("{FAE04EC0-301F-11D3-BF4B-00C04F79EFBC}") = "WpfApp_Task1", "WpfApp_Task1\WpfApp_Task1.csproj", "{281D565F-B46F-4EF9-BCD3-2D7FB193F1E7}"
EndProject
Project("{FAE04EC0-301F-11D3-BF4B-00C04F79EFBC}") = "WpfApp_Task2", "WpfApp_Task2\WpfApp_Task2.csproj", "{4EA43446-036D-4273-A616-6B50C9E385FC}"
EndProject
Project("{FAE04EC0-301F-11D3-BF4B-00C04F79EFBC}") = "WpfApp_Task4", "WpfApp_Task4\WpfApp_Task4.csproj", "{4922F2D4-CA79-49B6-9EB2-D8AE57EF2EF1}"
EndProject
Project("{FAE04EC0-301F-11D3-BF4B-00C04F79EFBC}") = "WpfApp_Task3", "WpfApp_Task3\WpfApp_Task3.csproj", "{36F25D48-6208-4B03-A56C-C08C7F5E549E}"
EndProject
Project("{FAE04EC0-301F-11D3-BF4B-00C04F79EFBC}") = "WpfApp_Task5", "WpfApp_Task5\WpfApp_Task5.csproj", "{C39BBD56-F7BE-4EC8-9361-5EBEEA35762C}"
EndProject
Global
	GlobalSection(SolutionConfigurationPlatforms) = preSolution
		Debug|Any CPU = Debug|Any CPU
		Release|Any CPU = Release|Any CPU
	EndGlobalSection
	GlobalSection(ProjectConfigurationPlatforms) = postSolution
		{281D565F-B46F-4EF9-BCD3-2D7FB193F1E7}.Debug|Any CPU.ActiveCfg = Debug|Any CPU
		{281D565F-B46F-4EF9-BCD3-2D7FB193F1E7}.Debug|Any CPU.Build.0 = Debug|Any CPU
		{281D565F-B46F-4EF9-BCD3-2D7FB193F1E7}.Release|Any CPU.ActiveCfg = Release|Any CPU
		{281D565F-B46F-4EF9-BCD3-2D7FB193F1E7}.Release|Any CPU.Build.0 = Release|Any CPU
		{4EA43446-036D-4273-A616-6B50C9E385FC}.Debug|Any CPU.ActiveCfg = Debug|Any CPU
		{4EA43446-036D-4273-A616-6B50C9E385FC}.Debug|Any CPU.Build.0 = Debug|Any CPU
		{4EA43446-036D-4273-A616-6B50C9E385FC}.Release|Any CPU.ActiveCfg = Release|Any CPU
		{4EA43446-036D-4273-A616-6B50C9E385FC}.Release|Any CPU.Build.0 = Release|Any CPU
		{4922F2D4-CA79-49B6-9EB2-D8AE57EF2EF1}.Debug|Any CPU.ActiveCfg = Debug|Any CPU
		{4922F2D4-CA79-49B6-9EB2-D8AE57EF2EF1}.Debug|Any CPU.Build.0 = Debug|Any CPU
		{4922F2D4-CA79-49B6-9EB2-D8AE57EF2EF1}.Release|Any CPU.ActiveCfg = Release|Any CPU
		{4922F2D4-CA79-49B6-9EB2-D8AE57EF2EF1}.Release|Any CPU.Build.0 = Release|Any CPU
		{36F25D48-6208-4B03-A56C-C08C7F5E549E}.Debug|Any CPU.ActiveCfg = Debug|Any CPU
		{36F25D48-6208-4B03-A56C-C08C7F5E549E}.Debug|Any CPU.Build.0 = Debug|Any CPU
		{36F25D48-6208-4B03-A56C-C08C7F5E549E}.Release|Any CPU.ActiveCfg = Release|Any CPU
		{36F25D48-6208-4B03-A56C-C08C7F5E549E}.Release|Any CPU.Build.0 = Release|Any CPU
		{C39BBD56-F7BE-4EC8-9361-5EBEEA35762C}.Debug|Any CPU.ActiveCfg = Debug|Any CPU
		{C39BBD56-F7BE-4EC8-9361-5EBEEA35762C}.Debug|Any CPU.Build.0 = Debug|Any CPU
		{C39BBD56-F7BE-4EC8-9361-5EBEEA35762C}.Release|Any CPU.ActiveCfg = Release|Any CPU
		{C39BBD56-F7BE-4EC8-9361-5EBEEA35762C}.Release|Any CPU.Build.0 = Release|Any CPU
	EndGlobalSection
	GlobalSection(SolutionProperties) = preSolution
		HideSolutionNode = FALSE
	EndGlobalSection
	GlobalSection(ExtensibilityGlobals) = postSolution
		SolutionGuid = {B5EF8743-21AB-4BB3-836F-627B7E48FC1C}
	EndGlobalSection
EndGlobal
