
Microsoft Visual Studio Solution File, Format Version 12.00
# Visual Studio Version 17
VisualStudioVersion = 17.14.36109.1 d17.14
MinimumVisualStudioVersion = 10.0.40219.1
Project("{FAE04EC0-301F-11D3-BF4B-00C04F79EFBC}") = "LabWork38", "LabWork38\LabWork38.csproj", "{75BA50DB-5B4D-4712-97E8-98C0900CAE8E}"
EndProject
Global
	GlobalSection(SolutionConfigurationPlatforms) = preSolution
		Debug|Any CPU = Debug|Any CPU
		Release|Any CPU = Release|Any CPU
	EndGlobalSection
	GlobalSection(ProjectConfigurationPlatforms) = postSolution
		{75BA50DB-5B4D-4712-97E8-98C0900CAE8E}.Debug|Any CPU.ActiveCfg = Debug|Any CPU
		{75BA50DB-5B4D-4712-97E8-98C0900CAE8E}.Debug|Any CPU.Build.0 = Debug|Any CPU
		{75BA50DB-5B4D-4712-97E8-98C0900CAE8E}.Debug|Any CPU.Deploy.0 = Debug|Any CPU
		{75BA50DB-5B4D-4712-97E8-98C0900CAE8E}.Release|Any CPU.ActiveCfg = Release|Any CPU
		{75BA50DB-5B4D-4712-97E8-98C0900CAE8E}.Release|Any CPU.Build.0 = Release|Any CPU
		{75BA50DB-5B4D-4712-97E8-98C0900CAE8E}.Release|Any CPU.Deploy.0 = Release|Any CPU
	EndGlobalSection
	GlobalSection(SolutionProperties) = preSolution
		HideSolutionNode = FALSE
	EndGlobalSection
	GlobalSection(ExtensibilityGlobals) = postSolution
		SolutionGuid = {A7065D5E-E9CB-46A5-A251-9F6C9FFED48D}
	EndGlobalSection
EndGlobal
