
Microsoft Visual Studio Solution File, Format Version 12.00
# Visual Studio Version 17
VisualStudioVersion = 17.14.36109.1
MinimumVisualStudioVersion = 10.0.40219.1
Project("{FAE04EC0-301F-11D3-BF4B-00C04F79EFBC}") = "Lection0605", "Lection0605\Lection0605.csproj", "{FD264D21-6DBA-45D4-847D-22E671D87C97}"
EndProject
Project("{FAE04EC0-301F-11D3-BF4B-00C04F79EFBC}") = "DbLibrary", "DbLibrary\DbLibrary.csproj", "{2E1EE471-CECA-460C-8416-5C85F09625EA}"
EndProject
Global
	GlobalSection(SolutionConfigurationPlatforms) = preSolution
		Debug|Any CPU = Debug|Any CPU
		Release|Any CPU = Release|Any CPU
	EndGlobalSection
	GlobalSection(ProjectConfigurationPlatforms) = postSolution
		{FD264D21-6DBA-45D4-847D-22E671D87C97}.Debug|Any CPU.ActiveCfg = Debug|Any CPU
		{FD264D21-6DBA-45D4-847D-22E671D87C97}.Debug|Any CPU.Build.0 = Debug|Any CPU
		{FD264D21-6DBA-45D4-847D-22E671D87C97}.Release|Any CPU.ActiveCfg = Release|Any CPU
		{FD264D21-6DBA-45D4-847D-22E671D87C97}.Release|Any CPU.Build.0 = Release|Any CPU
		{2E1EE471-CECA-460C-8416-5C85F09625EA}.Debug|Any CPU.ActiveCfg = Debug|Any CPU
		{2E1EE471-CECA-460C-8416-5C85F09625EA}.Debug|Any CPU.Build.0 = Debug|Any CPU
		{2E1EE471-CECA-460C-8416-5C85F09625EA}.Release|Any CPU.ActiveCfg = Release|Any CPU
		{2E1EE471-CECA-460C-8416-5C85F09625EA}.Release|Any CPU.Build.0 = Release|Any CPU
	EndGlobalSection
	GlobalSection(SolutionProperties) = preSolution
		HideSolutionNode = FALSE
	EndGlobalSection
	GlobalSection(ExtensibilityGlobals) = postSolution
		SolutionGuid = {3B22B8B4-E7B0-4C74-BA71-9D7D75BA43AD}
	EndGlobalSection
EndGlobal
