
Microsoft Visual Studio Solution File, Format Version 12.00
# Visual Studio Version 17
VisualStudioVersion = 17.14.36109.1
MinimumVisualStudioVersion = 10.0.40219.1
Project("{FAE04EC0-301F-11D3-BF4B-00C04F79EFBC}") = "MSSQLDataAccessLayer", "DataAcc\MSSQLDataAccessLayer.csproj", "{87399877-2980-4C11-96AD-EDE143E92202}"
EndProject
Project("{FAE04EC0-301F-11D3-BF4B-00C04F79EFBC}") = "SQLiteDataAccessLayer", "SQLiteDataAccessLayer\SQLiteDataAccessLayer.csproj", "{0E14CBD1-EE31-4EFB-BC71-115B985DF3D1}"
EndProject
Project("{FAE04EC0-301F-11D3-BF4B-00C04F79EFBC}") = "TestConsoleApp", "TestConsoleApp\TestConsoleApp.csproj", "{65C49405-5198-40F8-9859-A045ECDB62D5}"
EndProject
Global
	GlobalSection(SolutionConfigurationPlatforms) = preSolution
		Debug|Any CPU = Debug|Any CPU
		Release|Any CPU = Release|Any CPU
	EndGlobalSection
	GlobalSection(ProjectConfigurationPlatforms) = postSolution
		{87399877-2980-4C11-96AD-EDE143E92202}.Debug|Any CPU.ActiveCfg = Debug|Any CPU
		{87399877-2980-4C11-96AD-EDE143E92202}.Debug|Any CPU.Build.0 = Debug|Any CPU
		{87399877-2980-4C11-96AD-EDE143E92202}.Release|Any CPU.ActiveCfg = Release|Any CPU
		{87399877-2980-4C11-96AD-EDE143E92202}.Release|Any CPU.Build.0 = Release|Any CPU
		{0E14CBD1-EE31-4EFB-BC71-115B985DF3D1}.Debug|Any CPU.ActiveCfg = Debug|Any CPU
		{0E14CBD1-EE31-4EFB-BC71-115B985DF3D1}.Debug|Any CPU.Build.0 = Debug|Any CPU
		{0E14CBD1-EE31-4EFB-BC71-115B985DF3D1}.Release|Any CPU.ActiveCfg = Release|Any CPU
		{0E14CBD1-EE31-4EFB-BC71-115B985DF3D1}.Release|Any CPU.Build.0 = Release|Any CPU
		{65C49405-5198-40F8-9859-A045ECDB62D5}.Debug|Any CPU.ActiveCfg = Debug|Any CPU
		{65C49405-5198-40F8-9859-A045ECDB62D5}.Debug|Any CPU.Build.0 = Debug|Any CPU
		{65C49405-5198-40F8-9859-A045ECDB62D5}.Release|Any CPU.ActiveCfg = Release|Any CPU
		{65C49405-5198-40F8-9859-A045ECDB62D5}.Release|Any CPU.Build.0 = Release|Any CPU
	EndGlobalSection
	GlobalSection(SolutionProperties) = preSolution
		HideSolutionNode = FALSE
	EndGlobalSection
	GlobalSection(ExtensibilityGlobals) = postSolution
		SolutionGuid = {3ADC06C0-B8C3-4291-93B9-753F65DC878A}
	EndGlobalSection
EndGlobal
